
Microsoft Visual Studio Solution File, Format Version 10.00
# Visual C++ Express 2008
Project("{8BC9CEB8-8B4A-11D0-8D11-00A0C91BC942}") = "libfcache", "libfcache\libfcache.vcproj", "{2FA1E8A8-66AF-4CC5-81C5-402298AD44D4}"
	ProjectSection(ProjectDependencies) = postProject
		{5A9EDA97-A2F9-4D3A-BB8C-6560D18B6281} = {5A9EDA97-A2F9-4D3A-BB8C-6560D18B6281}
		{36C86D9B-B02A-433B-8579-A4610435EA96} = {36C86D9B-B02A-433B-8579-A4610435EA96}
		{477CE4B7-19DB-4194-8495-D68EF58D2927} = {477CE4B7-19DB-4194-8495-D68EF58D2927}
	EndProjectSection
EndProject
Project("{8BC9CEB8-8B4A-11D0-8D11-00A0C91BC942}") = "libfguid", "libfguid\libfguid.vcproj", "{24E02179-CC59-4D43-90AF-D5D9E3A3365C}"
	ProjectSection(ProjectDependencies) = postProject
		{5A9EDA97-A2F9-4D3A-BB8C-6560D18B6281} = {5A9EDA97-A2F9-4D3A-BB8C-6560D18B6281}
	EndProjectSection
EndProject
Project("{8BC9CEB8-8B4A-11D0-8D11-00A0C91BC942}") = "fsxfs_test_attribute_values", "fsxfs_test_attribute_values\fsxfs_test_attribute_values.vcproj", "{FAE296EB-E3DC-41AF-B589-5792F09DDFFC}"
	ProjectSection(ProjectDependencies) = postProject
		{D08D760C-C2AD-4FF4-8C1C-CA8350B16026} = {D08D760C-C2AD-4FF4-8C1C-CA8350B16026}
		{5A9EDA97-A2F9-4D3A-BB8C-6560D18B6281} = {5A9EDA97-A2F9-4D3A-BB8C-6560D18B6281}
	EndProjectSection
EndProject
Project("{8BC9CEB8-8B4A-11D0-8D11-00A0C91BC942}") = "fsxfs_test_attributes_leaf_block_header", "fsxfs_test_attributes_leaf_block_header\fsxfs_test_attributes_leaf_block_header.vcproj", "{56945827-ED7A-481D-818A-3C60663DAB38}"
	ProjectSection(ProjectDependencies) = postProject
		{D08D760C-C2AD-4FF4-8C1C-CA8350B16026} = {D08D760C-C2AD-4FF4-8C1C-CA8350B16026}
		{5A9EDA97-A2F9-4D3A-BB8C-6560D18B6281} = {5A9EDA97-A2F9-4D3A-BB8C-6560D18B6281}
	EndProjectSection
EndProject
Project("{8BC9CEB8-8B4A-11D0-8D11-00A0C91BC942}") = "fsxfs_test_attributes_table", "fsxfs_test_attributes_table\fsxfs_test_attributes_table.vcproj", "{268D67A2-A78D-4ED3-B908-743308055376}"
	ProjectSection(ProjectDependencies) = postProject
		{477CE4B7-19DB-4194-8495-D68EF58D2927} = {477CE4B7-19DB-4194-8495-D68EF58D2927}
		{D08D760C-C2AD-4FF4-8C1C-CA8350B16026} = {D08D760C-C2AD-4FF4-8C1C-CA8350B16026}
		{5A9EDA97-A2F9-4D3A-BB8C-6560D18B6281} = {5A9EDA97-A2F9-4D3A-BB8C-6560D18B6281}
	EndProjectSection
EndProject
Project("{8BC9CEB8-8B4A-11D0-8D11-00A0C91BC942}") = "fsxfs_test_attributes_table_header", "fsxfs_test_attributes_table_header\fsxfs_test_attributes_table_header.vcproj", "{AA9AECDD-464E-4623-BDEE-1BE9051453BC}"
	ProjectSection(ProjectDependencies) = postProject
		{D08D760C-C2AD-4FF4-8C1C-CA8350B16026} = {D08D760C-C2AD-4FF4-8C1C-CA8350B16026}
		{5A9EDA97-A2F9-4D3A-BB8C-6560D18B6281} = {5A9EDA97-A2F9-4D3A-BB8C-6560D18B6281}
	EndProjectSection
EndProject
Project("{8BC9CEB8-8B4A-11D0-8D11-00A0C91BC942}") = "fsxfs_test_block_directory_footer", "fsxfs_test_block_directory_footer\fsxfs_test_block_directory_footer.vcproj", "{3674A196-48B9-4E11-B462-6C92BA65A373}"
	ProjectSection(ProjectDependencies) = postProject
		{D08D760C-C2AD-4FF4-8C1C-CA8350B16026} = {D08D760C-C2AD-4FF4-8C1C-CA8350B16026}
		{5A9EDA97-A2F9-4D3A-BB8C-6560D18B6281} = {5A9EDA97-A2F9-4D3A-BB8C-6560D18B6281}
	EndProjectSection
EndProject
Project("{8BC9CEB8-8B4A-11D0-8D11-00A0C91BC942}") = "fsxfs_test_block_directory_header", "fsxfs_test_block_directory_header\fsxfs_test_block_directory_header.vcproj", "{BA991BE2-B36A-4554-9417-7A91279F34A4}"
	ProjectSection(ProjectDependencies) = postProject
		{D08D760C-C2AD-4FF4-8C1C-CA8350B16026} = {D08D760C-C2AD-4FF4-8C1C-CA8350B16026}
		{5A9EDA97-A2F9-4D3A-BB8C-6560D18B6281} = {5A9EDA97-A2F9-4D3A-BB8C-6560D18B6281}
	EndProjectSection
EndProject
Project("{8BC9CEB8-8B4A-11D0-8D11-00A0C91BC942}") = "fsxfs_test_btree_block", "fsxfs_test_btree_block\fsxfs_test_btree_block.vcproj", "{152674B1-66E8-4379-80AA-67E51470FF0D}"
	ProjectSection(ProjectDependencies) = postProject
		{B37A300F-A358-4F51-AB0A-4CF59D816AF8} = {B37A300F-A358-4F51-AB0A-4CF59D816AF8}
		{FB69DFD6-0AC0-46CC-992C-4E23766962A9} = {FB69DFD6-0AC0-46CC-992C-4E23766962A9}
		{58A928A2-B52B-40F3-A28B-11604F3DD2C3} = {58A928A2-B52B-40F3-A28B-11604F3DD2C3}
		{A5F49372-22E4-48F6-A408-9B6F0DB8F48A} = {A5F49372-22E4-48F6-A408-9B6F0DB8F48A}
		{CEAF29EC-2AB8-4E30-8D81-1759192B5840} = {CEAF29EC-2AB8-4E30-8D81-1759192B5840}
		{8F5E73EE-F2C4-4D40-ACFC-1C5DB56A2959} = {8F5E73EE-F2C4-4D40-ACFC-1C5DB56A2959}
		{DDEC82CD-0A77-49BB-83D8-14991CC4A182} = {DDEC82CD-0A77-49BB-83D8-14991CC4A182}
		{477CE4B7-19DB-4194-8495-D68EF58D2927} = {477CE4B7-19DB-4194-8495-D68EF58D2927}
		{D08D760C-C2AD-4FF4-8C1C-CA8350B16026} = {D08D760C-C2AD-4FF4-8C1C-CA8350B16026}
		{5A9EDA97-A2F9-4D3A-BB8C-6560D18B6281} = {5A9EDA97-A2F9-4D3A-BB8C-6560D18B6281}
	EndProjectSection
EndProject
Project("{8BC9CEB8-8B4A-11D0-8D11-00A0C91BC942}") = "fsxfs_test_btree_header", "fsxfs_test_btree_header\fsxfs_test_btree_header.vcproj", "{905FF3FF-8CCB-4E4A-A8DE-4AC161FD5DA5}"
	ProjectSection(ProjectDependencies) = postProject
		{D08D760C-C2AD-4FF4-8C1C-CA8350B16026} = {D08D760C-C2AD-4FF4-8C1C-CA8350B16026}
		{5A9EDA97-A2F9-4D3A-BB8C-6560D18B6281} = {5A9EDA97-A2F9-4D3A-BB8C-6560D18B6281}
	EndProjectSection
EndProject
Project("{8BC9CEB8-8B4A-11D0-8D11-00A0C91BC942}") = "fsxfs_test_buffer_data_handle", "fsxfs_test_buffer_data_handle\fsxfs_test_buffer_data_handle.vcproj", "{8DE4892C-12B8-4455-AA3B-4D7275DBB4D4}"
	ProjectSection(ProjectDependencies) = postProject
		{D08D760C-C2AD-4FF4-8C1C-CA8350B16026} = {D08D760C-C2AD-4FF4-8C1C-CA8350B16026}
		{5A9EDA97-A2F9-4D3A-BB8C-6560D18B6281} = {5A9EDA97-A2F9-4D3A-BB8C-6560D18B6281}
	EndProjectSection
EndProject
Project("{8BC9CEB8-8B4A-11D0-8D11-00A0C91BC942}") = "fsxfs_test_directory_entry", "fsxfs_test_directory_entry\fsxfs_test_directory_entry.vcproj", "{08DB22F8-371A-4E5C-A8F7-88DB893A4AC5}"
	ProjectSection(ProjectDependencies) = postProject
		{D08D760C-C2AD-4FF4-8C1C-CA8350B16026} = {D08D760C-C2AD-4FF4-8C1C-CA8350B16026}
		{5A9EDA97-A2F9-4D3A-BB8C-6560D18B6281} = {5A9EDA97-A2F9-4D3A-BB8C-6560D18B6281}
	EndProjectSection
EndProject
Project("{8BC9CEB8-8B4A-11D0-8D11-00A0C91BC942}") = "fsxfs_test_directory_table_header", "fsxfs_test_directory_table_header\fsxfs_test_directory_table_header.vcproj", "{7B97D38D-3950-4E83-BE14-D1181182E368}"
	ProjectSection(ProjectDependencies) = postProject
		{D08D760C-C2AD-4FF4-8C1C-CA8350B16026} = {D08D760C-C2AD-4FF4-8C1C-CA8350B16026}
		{5A9EDA97-A2F9-4D3A-BB8C-6560D18B6281} = {5A9EDA97-A2F9-4D3A-BB8C-6560D18B6281}
	EndProjectSection
EndProject
Project("{8BC9CEB8-8B4A-11D0-8D11-00A0C91BC942}") = "fsxfs_test_error", "fsxfs_test_error\fsxfs_test_error.vcproj", "{840214C7-5F6F-4099-8B9A-78F560997BF3}"
	ProjectSection(ProjectDependencies) = postProject
		{D08D760C-C2AD-4FF4-8C1C-CA8350B16026} = {D08D760C-C2AD-4FF4-8C1C-CA8350B16026}
	EndProjectSection
EndProject
Project("{8BC9CEB8-8B4A-11D0-8D11-00A0C91BC942}") = "fsxfs_test_extent", "fsxfs_test_extent\fsxfs_test_extent.vcproj", "{9304509C-FA40-4A95-A38A-17A5FE5E9BC2}"
	ProjectSection(ProjectDependencies) = postProject
		{D08D760C-C2AD-4FF4-8C1C-CA8350B16026} = {D08D760C-C2AD-4FF4-8C1C-CA8350B16026}
		{5A9EDA97-A2F9-4D3A-BB8C-6560D18B6281} = {5A9EDA97-A2F9-4D3A-BB8C-6560D18B6281}
	EndProjectSection
EndProject
Project("{8BC9CEB8-8B4A-11D0-8D11-00A0C91BC942}") = "fsxfs_test_file_system_block_header", "fsxfs_test_file_system_block_header\fsxfs_test_file_system_block_header.vcproj", "{2890B3E9-74ED-4F19-9B0D-D7B665D26531}"
	ProjectSection(ProjectDependencies) = postProject
		{D08D760C-C2AD-4FF4-8C1C-CA8350B16026} = {D08D760C-C2AD-4FF4-8C1C-CA8350B16026}
		{5A9EDA97-A2F9-4D3A-BB8C-6560D18B6281} = {5A9EDA97-A2F9-4D3A-BB8C-6560D18B6281}
	EndProjectSection
EndProject
Project("{8BC9CEB8-8B4A-11D0-8D11-00A0C91BC942}") = "fsxfs_test_inode_btree", "fsxfs_test_inode_btree\fsxfs_test_inode_btree.vcproj", "{3F5ADCB4-6C42-4561-B116-4E8ECD5E2B10}"
	ProjectSection(ProjectDependencies) = postProject
		{D08D760C-C2AD-4FF4-8C1C-CA8350B16026} = {D08D760C-C2AD-4FF4-8C1C-CA8350B16026}
		{5A9EDA97-A2F9-4D3A-BB8C-6560D18B6281} = {5A9EDA97-A2F9-4D3A-BB8C-6560D18B6281}
	EndProjectSection
EndProject
Project("{8BC9CEB8-8B4A-11D0-8D11-00A0C91BC942}") = "fsxfs_test_inode_btree_record", "fsxfs_test_inode_btree_record\fsxfs_test_inode_btree_record.vcproj", "{66161C7F-F3D9-43BF-9ACD-CF1660ACD0B7}"
	ProjectSection(ProjectDependencies) = postProject
		{D08D760C-C2AD-4FF4-8C1C-CA8350B16026} = {D08D760C-C2AD-4FF4-8C1C-CA8350B16026}
		{5A9EDA97-A2F9-4D3A-BB8C-6560D18B6281} = {5A9EDA97-A2F9-4D3A-BB8C-6560D18B6281}
	EndProjectSection
EndProject
Project("{8BC9CEB8-8B4A-11D0-8D11-00A0C91BC942}") = "fsxfs_test_inode_information", "fsxfs_test_inode_information\fsxfs_test_inode_information.vcproj", "{B7506482-EC30-46BA-BC6C-C65D50C7F5BF}"
	ProjectSection(ProjectDependencies) = postProject
		{B37A300F-A358-4F51-AB0A-4CF59D816AF8} = {B37A300F-A358-4F51-AB0A-4CF59D816AF8}
		{FB69DFD6-0AC0-46CC-992C-4E23766962A9} = {FB69DFD6-0AC0-46CC-992C-4E23766962A9}
		{58A928A2-B52B-40F3-A28B-11604F3DD2C3} = {58A928A2-B52B-40F3-A28B-11604F3DD2C3}
		{A5F49372-22E4-48F6-A408-9B6F0DB8F48A} = {A5F49372-22E4-48F6-A408-9B6F0DB8F48A}
		{CEAF29EC-2AB8-4E30-8D81-1759192B5840} = {CEAF29EC-2AB8-4E30-8D81-1759192B5840}
		{8F5E73EE-F2C4-4D40-ACFC-1C5DB56A2959} = {8F5E73EE-F2C4-4D40-ACFC-1C5DB56A2959}
		{DDEC82CD-0A77-49BB-83D8-14991CC4A182} = {DDEC82CD-0A77-49BB-83D8-14991CC4A182}
		{477CE4B7-19DB-4194-8495-D68EF58D2927} = {477CE4B7-19DB-4194-8495-D68EF58D2927}
		{D08D760C-C2AD-4FF4-8C1C-CA8350B16026} = {D08D760C-C2AD-4FF4-8C1C-CA8350B16026}
		{5A9EDA97-A2F9-4D3A-BB8C-6560D18B6281} = {5A9EDA97-A2F9-4D3A-BB8C-6560D18B6281}
	EndProjectSection
EndProject
Project("{8BC9CEB8-8B4A-11D0-8D11-00A0C91BC942}") = "fsxfs_test_io_handle", "fsxfs_test_io_handle\fsxfs_test_io_handle.vcproj", "{19845940-4ED0-44F1-AB8B-45D7D5F58670}"
	ProjectSection(ProjectDependencies) = postProject
		{D08D760C-C2AD-4FF4-8C1C-CA8350B16026} = {D08D760C-C2AD-4FF4-8C1C-CA8350B16026}
		{5A9EDA97-A2F9-4D3A-BB8C-6560D18B6281} = {5A9EDA97-A2F9-4D3A-BB8C-6560D18B6281}
	EndProjectSection
EndProject
Project("{8BC9CEB8-8B4A-11D0-8D11-00A0C91BC942}") = "fsxfs_test_notify", "fsxfs_test_notify\fsxfs_test_notify.vcproj", "{4D0756D4-DA2A-4FD7-B30F-7E52124F02DA}"
	ProjectSection(ProjectDependencies) = postProject
		{D08D760C-C2AD-4FF4-8C1C-CA8350B16026} = {D08D760C-C2AD-4FF4-8C1C-CA8350B16026}
		{5A9EDA97-A2F9-4D3A-BB8C-6560D18B6281} = {5A9EDA97-A2F9-4D3A-BB8C-6560D18B6281}
	EndProjectSection
EndProject
Project("{8BC9CEB8-8B4A-11D0-8D11-00A0C91BC942}") = "fsxfs_test_superblock", "fsxfs_test_superblock\fsxfs_test_superblock.vcproj", "{98DEF16C-6E84-4A17-9E03-3DEADCF54DAC}"
	ProjectSection(ProjectDependencies) = postProject
		{B37A300F-A358-4F51-AB0A-4CF59D816AF8} = {B37A300F-A358-4F51-AB0A-4CF59D816AF8}
		{FB69DFD6-0AC0-46CC-992C-4E23766962A9} = {FB69DFD6-0AC0-46CC-992C-4E23766962A9}
		{58A928A2-B52B-40F3-A28B-11604F3DD2C3} = {58A928A2-B52B-40F3-A28B-11604F3DD2C3}
		{A5F49372-22E4-48F6-A408-9B6F0DB8F48A} = {A5F49372-22E4-48F6-A408-9B6F0DB8F48A}
		{CEAF29EC-2AB8-4E30-8D81-1759192B5840} = {CEAF29EC-2AB8-4E30-8D81-1759192B5840}
		{8F5E73EE-F2C4-4D40-ACFC-1C5DB56A2959} = {8F5E73EE-F2C4-4D40-ACFC-1C5DB56A2959}
		{DDEC82CD-0A77-49BB-83D8-14991CC4A182} = {DDEC82CD-0A77-49BB-83D8-14991CC4A182}
		{477CE4B7-19DB-4194-8495-D68EF58D2927} = {477CE4B7-19DB-4194-8495-D68EF58D2927}
		{D08D760C-C2AD-4FF4-8C1C-CA8350B16026} = {D08D760C-C2AD-4FF4-8C1C-CA8350B16026}
		{5A9EDA97-A2F9-4D3A-BB8C-6560D18B6281} = {5A9EDA97-A2F9-4D3A-BB8C-6560D18B6281}
	EndProjectSection
EndProject
Project("{8BC9CEB8-8B4A-11D0-8D11-00A0C91BC942}") = "fsxfs_test_support", "fsxfs_test_support\fsxfs_test_support.vcproj", "{BA4D6122-B85D-4CDA-9A5D-B23EF45706FA}"
	ProjectSection(ProjectDependencies) = postProject
		{B37A300F-A358-4F51-AB0A-4CF59D816AF8} = {B37A300F-A358-4F51-AB0A-4CF59D816AF8}
		{FB69DFD6-0AC0-46CC-992C-4E23766962A9} = {FB69DFD6-0AC0-46CC-992C-4E23766962A9}
		{58A928A2-B52B-40F3-A28B-11604F3DD2C3} = {58A928A2-B52B-40F3-A28B-11604F3DD2C3}
		{A5F49372-22E4-48F6-A408-9B6F0DB8F48A} = {A5F49372-22E4-48F6-A408-9B6F0DB8F48A}
		{CEAF29EC-2AB8-4E30-8D81-1759192B5840} = {CEAF29EC-2AB8-4E30-8D81-1759192B5840}
		{8F5E73EE-F2C4-4D40-ACFC-1C5DB56A2959} = {8F5E73EE-F2C4-4D40-ACFC-1C5DB56A2959}
		{DDEC82CD-0A77-49BB-83D8-14991CC4A182} = {DDEC82CD-0A77-49BB-83D8-14991CC4A182}
		{477CE4B7-19DB-4194-8495-D68EF58D2927} = {477CE4B7-19DB-4194-8495-D68EF58D2927}
		{D08D760C-C2AD-4FF4-8C1C-CA8350B16026} = {D08D760C-C2AD-4FF4-8C1C-CA8350B16026}
		{5A9EDA97-A2F9-4D3A-BB8C-6560D18B6281} = {5A9EDA97-A2F9-4D3A-BB8C-6560D18B6281}
	EndProjectSection
EndProject
Project("{8BC9CEB8-8B4A-11D0-8D11-00A0C91BC942}") = "fsxfs_test_tools_info_handle", "fsxfs_test_tools_info_handle\fsxfs_test_tools_info_handle.vcproj", "{58F2B200-BBC3-43F0-AE28-124C714A7E00}"
	ProjectSection(ProjectDependencies) = postProject
		{EFDE813B-8E9C-4761-BED2-EA517A23EC1F} = {EFDE813B-8E9C-4761-BED2-EA517A23EC1F}
		{24E02179-CC59-4D43-90AF-D5D9E3A3365C} = {24E02179-CC59-4D43-90AF-D5D9E3A3365C}
		{2887E62C-25B8-4C1B-B106-8ADAACBE03B2} = {2887E62C-25B8-4C1B-B106-8ADAACBE03B2}
		{B37A300F-A358-4F51-AB0A-4CF59D816AF8} = {B37A300F-A358-4F51-AB0A-4CF59D816AF8}
		{FB69DFD6-0AC0-46CC-992C-4E23766962A9} = {FB69DFD6-0AC0-46CC-992C-4E23766962A9}
		{58A928A2-B52B-40F3-A28B-11604F3DD2C3} = {58A928A2-B52B-40F3-A28B-11604F3DD2C3}
		{A5F49372-22E4-48F6-A408-9B6F0DB8F48A} = {A5F49372-22E4-48F6-A408-9B6F0DB8F48A}
		{CEAF29EC-2AB8-4E30-8D81-1759192B5840} = {CEAF29EC-2AB8-4E30-8D81-1759192B5840}
		{8F5E73EE-F2C4-4D40-ACFC-1C5DB56A2959} = {8F5E73EE-F2C4-4D40-ACFC-1C5DB56A2959}
		{DDEC82CD-0A77-49BB-83D8-14991CC4A182} = {DDEC82CD-0A77-49BB-83D8-14991CC4A182}
		{477CE4B7-19DB-4194-8495-D68EF58D2927} = {477CE4B7-19DB-4194-8495-D68EF58D2927}
		{D08D760C-C2AD-4FF4-8C1C-CA8350B16026} = {D08D760C-C2AD-4FF4-8C1C-CA8350B16026}
		{5A9EDA97-A2F9-4D3A-BB8C-6560D18B6281} = {5A9EDA97-A2F9-4D3A-BB8C-6560D18B6281}
	EndProjectSection
EndProject
Project("{8BC9CEB8-8B4A-11D0-8D11-00A0C91BC942}") = "fsxfs_test_tools_output", "fsxfs_test_tools_output\fsxfs_test_tools_output.vcproj", "{0C073E26-7125-4CF9-82E2-81AB5FC51DB8}"
	ProjectSection(ProjectDependencies) = postProject
		{D08D760C-C2AD-4FF4-8C1C-CA8350B16026} = {D08D760C-C2AD-4FF4-8C1C-CA8350B16026}
		{5A9EDA97-A2F9-4D3A-BB8C-6560D18B6281} = {5A9EDA97-A2F9-4D3A-BB8C-6560D18B6281}
	EndProjectSection
EndProject
Project("{8BC9CEB8-8B4A-11D0-8D11-00A0C91BC942}") = "fsxfs_test_tools_signal", "fsxfs_test_tools_signal\fsxfs_test_tools_signal.vcproj", "{11639A8F-5C1B-4C6A-88B1-F6BE7EA83B9E}"
	ProjectSection(ProjectDependencies) = postProject
		{D08D760C-C2AD-4FF4-8C1C-CA8350B16026} = {D08D760C-C2AD-4FF4-8C1C-CA8350B16026}
		{5A9EDA97-A2F9-4D3A-BB8C-6560D18B6281} = {5A9EDA97-A2F9-4D3A-BB8C-6560D18B6281}
	EndProjectSection
EndProject
Project("{8BC9CEB8-8B4A-11D0-8D11-00A0C91BC942}") = "fsxfs_test_volume", "fsxfs_test_volume\fsxfs_test_volume.vcproj", "{4265FD20-D7D1-450A-9F22-CB92E7C74B17}"
	ProjectSection(ProjectDependencies) = postProject
		{B37A300F-A358-4F51-AB0A-4CF59D816AF8} = {B37A300F-A358-4F51-AB0A-4CF59D816AF8}
		{FB69DFD6-0AC0-46CC-992C-4E23766962A9} = {FB69DFD6-0AC0-46CC-992C-4E23766962A9}
		{58A928A2-B52B-40F3-A28B-11604F3DD2C3} = {58A928A2-B52B-40F3-A28B-11604F3DD2C3}
		{A5F49372-22E4-48F6-A408-9B6F0DB8F48A} = {A5F49372-22E4-48F6-A408-9B6F0DB8F48A}
		{CEAF29EC-2AB8-4E30-8D81-1759192B5840} = {CEAF29EC-2AB8-4E30-8D81-1759192B5840}
		{8F5E73EE-F2C4-4D40-ACFC-1C5DB56A2959} = {8F5E73EE-F2C4-4D40-ACFC-1C5DB56A2959}
		{DDEC82CD-0A77-49BB-83D8-14991CC4A182} = {DDEC82CD-0A77-49BB-83D8-14991CC4A182}
		{477CE4B7-19DB-4194-8495-D68EF58D2927} = {477CE4B7-19DB-4194-8495-D68EF58D2927}
		{D08D760C-C2AD-4FF4-8C1C-CA8350B16026} = {D08D760C-C2AD-4FF4-8C1C-CA8350B16026}
		{36C86D9B-B02A-433B-8579-A4610435EA96} = {36C86D9B-B02A-433B-8579-A4610435EA96}
		{5A9EDA97-A2F9-4D3A-BB8C-6560D18B6281} = {5A9EDA97-A2F9-4D3A-BB8C-6560D18B6281}
	EndProjectSection
EndProject
Project("{8BC9CEB8-8B4A-11D0-8D11-00A0C91BC942}") = "libclocale", "libclocale\libclocale.vcproj", "{DDEC82CD-0A77-49BB-83D8-14991CC4A182}"
	ProjectSection(ProjectDependencies) = postProject
		{5A9EDA97-A2F9-4D3A-BB8C-6560D18B6281} = {5A9EDA97-A2F9-4D3A-BB8C-6560D18B6281}
	EndProjectSection
EndProject
Project("{8BC9CEB8-8B4A-11D0-8D11-00A0C91BC942}") = "libfsxfs", "libfsxfs\libfsxfs.vcproj", "{D08D760C-C2AD-4FF4-8C1C-CA8350B16026}"
	ProjectSection(ProjectDependencies) = postProject
		{5A9EDA97-A2F9-4D3A-BB8C-6560D18B6281} = {5A9EDA97-A2F9-4D3A-BB8C-6560D18B6281}
		{36C86D9B-B02A-433B-8579-A4610435EA96} = {36C86D9B-B02A-433B-8579-A4610435EA96}
		{477CE4B7-19DB-4194-8495-D68EF58D2927} = {477CE4B7-19DB-4194-8495-D68EF58D2927}
		{DDEC82CD-0A77-49BB-83D8-14991CC4A182} = {DDEC82CD-0A77-49BB-83D8-14991CC4A182}
		{8F5E73EE-F2C4-4D40-ACFC-1C5DB56A2959} = {8F5E73EE-F2C4-4D40-ACFC-1C5DB56A2959}
		{CEAF29EC-2AB8-4E30-8D81-1759192B5840} = {CEAF29EC-2AB8-4E30-8D81-1759192B5840}
		{A5F49372-22E4-48F6-A408-9B6F0DB8F48A} = {A5F49372-22E4-48F6-A408-9B6F0DB8F48A}
		{58A928A2-B52B-40F3-A28B-11604F3DD2C3} = {58A928A2-B52B-40F3-A28B-11604F3DD2C3}
		{FB69DFD6-0AC0-46CC-992C-4E23766962A9} = {FB69DFD6-0AC0-46CC-992C-4E23766962A9}
		{B37A300F-A358-4F51-AB0A-4CF59D816AF8} = {B37A300F-A358-4F51-AB0A-4CF59D816AF8}
		{2FA1E8A8-66AF-4CC5-81C5-402298AD44D4} = {2FA1E8A8-66AF-4CC5-81C5-402298AD44D4}
		{C6B5DDE6-C5CE-4AC9-B581-65239CCC91E3} = {C6B5DDE6-C5CE-4AC9-B581-65239CCC91E3}
		{2887E62C-25B8-4C1B-B106-8ADAACBE03B2} = {2887E62C-25B8-4C1B-B106-8ADAACBE03B2}
		{24E02179-CC59-4D43-90AF-D5D9E3A3365C} = {24E02179-CC59-4D43-90AF-D5D9E3A3365C}
	EndProjectSection
EndProject
Project("{8BC9CEB8-8B4A-11D0-8D11-00A0C91BC942}") = "libbfio", "libbfio\libbfio.vcproj", "{B37A300F-A358-4F51-AB0A-4CF59D816AF8}"
	ProjectSection(ProjectDependencies) = postProject
		{5A9EDA97-A2F9-4D3A-BB8C-6560D18B6281} = {5A9EDA97-A2F9-4D3A-BB8C-6560D18B6281}
		{36C86D9B-B02A-433B-8579-A4610435EA96} = {36C86D9B-B02A-433B-8579-A4610435EA96}
		{DDEC82CD-0A77-49BB-83D8-14991CC4A182} = {DDEC82CD-0A77-49BB-83D8-14991CC4A182}
		{8F5E73EE-F2C4-4D40-ACFC-1C5DB56A2959} = {8F5E73EE-F2C4-4D40-ACFC-1C5DB56A2959}
		{477CE4B7-19DB-4194-8495-D68EF58D2927} = {477CE4B7-19DB-4194-8495-D68EF58D2927}
		{CEAF29EC-2AB8-4E30-8D81-1759192B5840} = {CEAF29EC-2AB8-4E30-8D81-1759192B5840}
		{58A928A2-B52B-40F3-A28B-11604F3DD2C3} = {58A928A2-B52B-40F3-A28B-11604F3DD2C3}
		{FB69DFD6-0AC0-46CC-992C-4E23766962A9} = {FB69DFD6-0AC0-46CC-992C-4E23766962A9}
		{A5F49372-22E4-48F6-A408-9B6F0DB8F48A} = {A5F49372-22E4-48F6-A408-9B6F0DB8F48A}
	EndProjectSection
EndProject
Project("{8BC9CEB8-8B4A-11D0-8D11-00A0C91BC942}") = "libfdatetime", "libfdatetime\libfdatetime.vcproj", "{2887E62C-25B8-4C1B-B106-8ADAACBE03B2}"
	ProjectSection(ProjectDependencies) = postProject
		{5A9EDA97-A2F9-4D3A-BB8C-6560D18B6281} = {5A9EDA97-A2F9-4D3A-BB8C-6560D18B6281}
	EndProjectSection
EndProject
Project("{8BC9CEB8-8B4A-11D0-8D11-00A0C91BC942}") = "libcfile", "libcfile\libcfile.vcproj", "{58A928A2-B52B-40F3-A28B-11604F3DD2C3}"
	ProjectSection(ProjectDependencies) = postProject
		{5A9EDA97-A2F9-4D3A-BB8C-6560D18B6281} = {5A9EDA97-A2F9-4D3A-BB8C-6560D18B6281}
		{DDEC82CD-0A77-49BB-83D8-14991CC4A182} = {DDEC82CD-0A77-49BB-83D8-14991CC4A182}
		{8F5E73EE-F2C4-4D40-ACFC-1C5DB56A2959} = {8F5E73EE-F2C4-4D40-ACFC-1C5DB56A2959}
		{A5F49372-22E4-48F6-A408-9B6F0DB8F48A} = {A5F49372-22E4-48F6-A408-9B6F0DB8F48A}
	EndProjectSection
EndProject
Project("{8BC9CEB8-8B4A-11D0-8D11-00A0C91BC942}") = "libcthreads", "libcthreads\libcthreads.vcproj", "{36C86D9B-B02A-433B-8579-A4610435EA96}"
	ProjectSection(ProjectDependencies) = postProject
		{5A9EDA97-A2F9-4D3A-BB8C-6560D18B6281} = {5A9EDA97-A2F9-4D3A-BB8C-6560D18B6281}
	EndProjectSection
EndProject
Project("{8BC9CEB8-8B4A-11D0-8D11-00A0C91BC942}") = "libcpath", "libcpath\libcpath.vcproj", "{FB69DFD6-0AC0-46CC-992C-4E23766962A9}"
	ProjectSection(ProjectDependencies) = postProject
		{5A9EDA97-A2F9-4D3A-BB8C-6560D18B6281} = {5A9EDA97-A2F9-4D3A-BB8C-6560D18B6281}
		{DDEC82CD-0A77-49BB-83D8-14991CC4A182} = {DDEC82CD-0A77-49BB-83D8-14991CC4A182}
		{CEAF29EC-2AB8-4E30-8D81-1759192B5840} = {CEAF29EC-2AB8-4E30-8D81-1759192B5840}
		{A5F49372-22E4-48F6-A408-9B6F0DB8F48A} = {A5F49372-22E4-48F6-A408-9B6F0DB8F48A}
	EndProjectSection
EndProject
Project("{8BC9CEB8-8B4A-11D0-8D11-00A0C91BC942}") = "libhmac", "libhmac\libhmac.vcproj", "{EFDE813B-8E9C-4761-BED2-EA517A23EC1F}"
	ProjectSection(ProjectDependencies) = postProject
		{5A9EDA97-A2F9-4D3A-BB8C-6560D18B6281} = {5A9EDA97-A2F9-4D3A-BB8C-6560D18B6281}
	EndProjectSection
EndProject
Project("{8BC9CEB8-8B4A-11D0-8D11-00A0C91BC942}") = "libuna", "libuna\libuna.vcproj", "{A5F49372-22E4-48F6-A408-9B6F0DB8F48A}"
	ProjectSection(ProjectDependencies) = postProject
		{5A9EDA97-A2F9-4D3A-BB8C-6560D18B6281} = {5A9EDA97-A2F9-4D3A-BB8C-6560D18B6281}
	EndProjectSection
EndProject
Project("{8BC9CEB8-8B4A-11D0-8D11-00A0C91BC942}") = "libcerror", "libcerror\libcerror.vcproj", "{5A9EDA97-A2F9-4D3A-BB8C-6560D18B6281}"
EndProject
Project("{8BC9CEB8-8B4A-11D0-8D11-00A0C91BC942}") = "fsxfsinfo", "fsxfsinfo\fsxfsinfo.vcproj", "{80A62501-E7BB-4544-A542-D6318FAF5837}"
	ProjectSection(ProjectDependencies) = postProject
		{EFDE813B-8E9C-4761-BED2-EA517A23EC1F} = {EFDE813B-8E9C-4761-BED2-EA517A23EC1F}
		{24E02179-CC59-4D43-90AF-D5D9E3A3365C} = {24E02179-CC59-4D43-90AF-D5D9E3A3365C}
		{2887E62C-25B8-4C1B-B106-8ADAACBE03B2} = {2887E62C-25B8-4C1B-B106-8ADAACBE03B2}
		{B37A300F-A358-4F51-AB0A-4CF59D816AF8} = {B37A300F-A358-4F51-AB0A-4CF59D816AF8}
		{FB69DFD6-0AC0-46CC-992C-4E23766962A9} = {FB69DFD6-0AC0-46CC-992C-4E23766962A9}
		{58A928A2-B52B-40F3-A28B-11604F3DD2C3} = {58A928A2-B52B-40F3-A28B-11604F3DD2C3}
		{A5F49372-22E4-48F6-A408-9B6F0DB8F48A} = {A5F49372-22E4-48F6-A408-9B6F0DB8F48A}
		{CEAF29EC-2AB8-4E30-8D81-1759192B5840} = {CEAF29EC-2AB8-4E30-8D81-1759192B5840}
		{477CE4B7-19DB-4194-8495-D68EF58D2927} = {477CE4B7-19DB-4194-8495-D68EF58D2927}
		{8F5E73EE-F2C4-4D40-ACFC-1C5DB56A2959} = {8F5E73EE-F2C4-4D40-ACFC-1C5DB56A2959}
		{DDEC82CD-0A77-49BB-83D8-14991CC4A182} = {DDEC82CD-0A77-49BB-83D8-14991CC4A182}
		{D08D760C-C2AD-4FF4-8C1C-CA8350B16026} = {D08D760C-C2AD-4FF4-8C1C-CA8350B16026}
		{5A9EDA97-A2F9-4D3A-BB8C-6560D18B6281} = {5A9EDA97-A2F9-4D3A-BB8C-6560D18B6281}
	EndProjectSection
EndProject
Project("{8BC9CEB8-8B4A-11D0-8D11-00A0C91BC942}") = "fsxfsmount", "fsxfsmount\fsxfsmount.vcproj", "{058366A7-5C0E-4920-A6F7-6D9216C64CD3}"
	ProjectSection(ProjectDependencies) = postProject
		{B37A300F-A358-4F51-AB0A-4CF59D816AF8} = {B37A300F-A358-4F51-AB0A-4CF59D816AF8}
		{FB69DFD6-0AC0-46CC-992C-4E23766962A9} = {FB69DFD6-0AC0-46CC-992C-4E23766962A9}
		{58A928A2-B52B-40F3-A28B-11604F3DD2C3} = {58A928A2-B52B-40F3-A28B-11604F3DD2C3}
		{A5F49372-22E4-48F6-A408-9B6F0DB8F48A} = {A5F49372-22E4-48F6-A408-9B6F0DB8F48A}
		{CEAF29EC-2AB8-4E30-8D81-1759192B5840} = {CEAF29EC-2AB8-4E30-8D81-1759192B5840}
		{8F5E73EE-F2C4-4D40-ACFC-1C5DB56A2959} = {8F5E73EE-F2C4-4D40-ACFC-1C5DB56A2959}
		{DDEC82CD-0A77-49BB-83D8-14991CC4A182} = {DDEC82CD-0A77-49BB-83D8-14991CC4A182}
		{477CE4B7-19DB-4194-8495-D68EF58D2927} = {477CE4B7-19DB-4194-8495-D68EF58D2927}
		{D08D760C-C2AD-4FF4-8C1C-CA8350B16026} = {D08D760C-C2AD-4FF4-8C1C-CA8350B16026}
		{5A9EDA97-A2F9-4D3A-BB8C-6560D18B6281} = {5A9EDA97-A2F9-4D3A-BB8C-6560D18B6281}
	EndProjectSection
EndProject
Project("{8BC9CEB8-8B4A-11D0-8D11-00A0C91BC942}") = "libcnotify", "libcnotify\libcnotify.vcproj", "{8F5E73EE-F2C4-4D40-ACFC-1C5DB56A2959}"
	ProjectSection(ProjectDependencies) = postProject
		{5A9EDA97-A2F9-4D3A-BB8C-6560D18B6281} = {5A9EDA97-A2F9-4D3A-BB8C-6560D18B6281}
	EndProjectSection
EndProject
Project("{8BC9CEB8-8B4A-11D0-8D11-00A0C91BC942}") = "pyfsxfs", "pyfsxfs\pyfsxfs.vcproj", "{937F2114-5F1C-43E0-8206-D5190D441FCF}"
	ProjectSection(ProjectDependencies) = postProject
		{5A9EDA97-A2F9-4D3A-BB8C-6560D18B6281} = {5A9EDA97-A2F9-4D3A-BB8C-6560D18B6281}
		{D08D760C-C2AD-4FF4-8C1C-CA8350B16026} = {D08D760C-C2AD-4FF4-8C1C-CA8350B16026}
		{477CE4B7-19DB-4194-8495-D68EF58D2927} = {477CE4B7-19DB-4194-8495-D68EF58D2927}
		{DDEC82CD-0A77-49BB-83D8-14991CC4A182} = {DDEC82CD-0A77-49BB-83D8-14991CC4A182}
		{CEAF29EC-2AB8-4E30-8D81-1759192B5840} = {CEAF29EC-2AB8-4E30-8D81-1759192B5840}
		{A5F49372-22E4-48F6-A408-9B6F0DB8F48A} = {A5F49372-22E4-48F6-A408-9B6F0DB8F48A}
		{58A928A2-B52B-40F3-A28B-11604F3DD2C3} = {58A928A2-B52B-40F3-A28B-11604F3DD2C3}
		{FB69DFD6-0AC0-46CC-992C-4E23766962A9} = {FB69DFD6-0AC0-46CC-992C-4E23766962A9}
		{B37A300F-A358-4F51-AB0A-4CF59D816AF8} = {B37A300F-A358-4F51-AB0A-4CF59D816AF8}
	EndProjectSection
EndProject
Project("{8BC9CEB8-8B4A-11D0-8D11-00A0C91BC942}") = "libfdata", "libfdata\libfdata.vcproj", "{C6B5DDE6-C5CE-4AC9-B581-65239CCC91E3}"
	ProjectSection(ProjectDependencies) = postProject
		{5A9EDA97-A2F9-4D3A-BB8C-6560D18B6281} = {5A9EDA97-A2F9-4D3A-BB8C-6560D18B6281}
		{36C86D9B-B02A-433B-8579-A4610435EA96} = {36C86D9B-B02A-433B-8579-A4610435EA96}
		{477CE4B7-19DB-4194-8495-D68EF58D2927} = {477CE4B7-19DB-4194-8495-D68EF58D2927}
		{8F5E73EE-F2C4-4D40-ACFC-1C5DB56A2959} = {8F5E73EE-F2C4-4D40-ACFC-1C5DB56A2959}
		{2FA1E8A8-66AF-4CC5-81C5-402298AD44D4} = {2FA1E8A8-66AF-4CC5-81C5-402298AD44D4}
	EndProjectSection
EndProject
Project("{8BC9CEB8-8B4A-11D0-8D11-00A0C91BC942}") = "libcdata", "libcdata\libcdata.vcproj", "{477CE4B7-19DB-4194-8495-D68EF58D2927}"
	ProjectSection(ProjectDependencies) = postProject
		{5A9EDA97-A2F9-4D3A-BB8C-6560D18B6281} = {5A9EDA97-A2F9-4D3A-BB8C-6560D18B6281}
		{36C86D9B-B02A-433B-8579-A4610435EA96} = {36C86D9B-B02A-433B-8579-A4610435EA96}
	EndProjectSection
EndProject
Project("{8BC9CEB8-8B4A-11D0-8D11-00A0C91BC942}") = "libcsplit", "libcsplit\libcsplit.vcproj", "{CEAF29EC-2AB8-4E30-8D81-1759192B5840}"
	ProjectSection(ProjectDependencies) = postProject
		{5A9EDA97-A2F9-4D3A-BB8C-6560D18B6281} = {5A9EDA97-A2F9-4D3A-BB8C-6560D18B6281}
	EndProjectSection
EndProject
Global
	GlobalSection(SolutionConfigurationPlatforms) = preSolution
		Release|Win32 = Release|Win32
		VSDebug|Win32 = VSDebug|Win32
	EndGlobalSection
	GlobalSection(ProjectConfigurationPlatforms) = postSolution
		{2FA1E8A8-66AF-4CC5-81C5-402298AD44D4}.Release|Win32.ActiveCfg = Release|Win32
		{2FA1E8A8-66AF-4CC5-81C5-402298AD44D4}.Release|Win32.Build.0 = Release|Win32
		{2FA1E8A8-66AF-4CC5-81C5-402298AD44D4}.VSDebug|Win32.ActiveCfg = VSDebug|Win32
		{2FA1E8A8-66AF-4CC5-81C5-402298AD44D4}.VSDebug|Win32.Build.0 = VSDebug|Win32
		{24E02179-CC59-4D43-90AF-D5D9E3A3365C}.Release|Win32.ActiveCfg = Release|Win32
		{24E02179-CC59-4D43-90AF-D5D9E3A3365C}.Release|Win32.Build.0 = Release|Win32
		{24E02179-CC59-4D43-90AF-D5D9E3A3365C}.VSDebug|Win32.ActiveCfg = VSDebug|Win32
		{24E02179-CC59-4D43-90AF-D5D9E3A3365C}.VSDebug|Win32.Build.0 = VSDebug|Win32
		{FAE296EB-E3DC-41AF-B589-5792F09DDFFC}.Release|Win32.ActiveCfg = Release|Win32
		{FAE296EB-E3DC-41AF-B589-5792F09DDFFC}.Release|Win32.Build.0 = Release|Win32
		{FAE296EB-E3DC-41AF-B589-5792F09DDFFC}.VSDebug|Win32.ActiveCfg = VSDebug|Win32
		{FAE296EB-E3DC-41AF-B589-5792F09DDFFC}.VSDebug|Win32.Build.0 = VSDebug|Win32
		{56945827-ED7A-481D-818A-3C60663DAB38}.Release|Win32.ActiveCfg = Release|Win32
		{56945827-ED7A-481D-818A-3C60663DAB38}.Release|Win32.Build.0 = Release|Win32
		{56945827-ED7A-481D-818A-3C60663DAB38}.VSDebug|Win32.ActiveCfg = VSDebug|Win32
		{56945827-ED7A-481D-818A-3C60663DAB38}.VSDebug|Win32.Build.0 = VSDebug|Win32
		{268D67A2-A78D-4ED3-B908-743308055376}.Release|Win32.ActiveCfg = Release|Win32
		{268D67A2-A78D-4ED3-B908-743308055376}.Release|Win32.Build.0 = Release|Win32
		{268D67A2-A78D-4ED3-B908-743308055376}.VSDebug|Win32.ActiveCfg = VSDebug|Win32
		{268D67A2-A78D-4ED3-B908-743308055376}.VSDebug|Win32.Build.0 = VSDebug|Win32
		{AA9AECDD-464E-4623-BDEE-1BE9051453BC}.Release|Win32.ActiveCfg = Release|Win32
		{AA9AECDD-464E-4623-BDEE-1BE9051453BC}.Release|Win32.Build.0 = Release|Win32
		{AA9AECDD-464E-4623-BDEE-1BE9051453BC}.VSDebug|Win32.ActiveCfg = VSDebug|Win32
		{AA9AECDD-464E-4623-BDEE-1BE9051453BC}.VSDebug|Win32.Build.0 = VSDebug|Win32
		{3674A196-48B9-4E11-B462-6C92BA65A373}.Release|Win32.ActiveCfg = Release|Win32
		{3674A196-48B9-4E11-B462-6C92BA65A373}.Release|Win32.Build.0 = Release|Win32
		{3674A196-48B9-4E11-B462-6C92BA65A373}.VSDebug|Win32.ActiveCfg = VSDebug|Win32
		{3674A196-48B9-4E11-B462-6C92BA65A373}.VSDebug|Win32.Build.0 = VSDebug|Win32
		{BA991BE2-B36A-4554-9417-7A91279F34A4}.Release|Win32.ActiveCfg = Release|Win32
		{BA991BE2-B36A-4554-9417-7A91279F34A4}.Release|Win32.Build.0 = Release|Win32
		{BA991BE2-B36A-4554-9417-7A91279F34A4}.VSDebug|Win32.ActiveCfg = VSDebug|Win32
		{BA991BE2-B36A-4554-9417-7A91279F34A4}.VSDebug|Win32.Build.0 = VSDebug|Win32
		{152674B1-66E8-4379-80AA-67E51470FF0D}.Release|Win32.ActiveCfg = Release|Win32
		{152674B1-66E8-4379-80AA-67E51470FF0D}.Release|Win32.Build.0 = Release|Win32
		{152674B1-66E8-4379-80AA-67E51470FF0D}.VSDebug|Win32.ActiveCfg = VSDebug|Win32
		{152674B1-66E8-4379-80AA-67E51470FF0D}.VSDebug|Win32.Build.0 = VSDebug|Win32
		{905FF3FF-8CCB-4E4A-A8DE-4AC161FD5DA5}.Release|Win32.ActiveCfg = Release|Win32
		{905FF3FF-8CCB-4E4A-A8DE-4AC161FD5DA5}.Release|Win32.Build.0 = Release|Win32
		{905FF3FF-8CCB-4E4A-A8DE-4AC161FD5DA5}.VSDebug|Win32.ActiveCfg = VSDebug|Win32
		{905FF3FF-8CCB-4E4A-A8DE-4AC161FD5DA5}.VSDebug|Win32.Build.0 = VSDebug|Win32
		{8DE4892C-12B8-4455-AA3B-4D7275DBB4D4}.Release|Win32.ActiveCfg = Release|Win32
		{8DE4892C-12B8-4455-AA3B-4D7275DBB4D4}.Release|Win32.Build.0 = Release|Win32
		{8DE4892C-12B8-4455-AA3B-4D7275DBB4D4}.VSDebug|Win32.ActiveCfg = VSDebug|Win32
		{8DE4892C-12B8-4455-AA3B-4D7275DBB4D4}.VSDebug|Win32.Build.0 = VSDebug|Win32
		{08DB22F8-371A-4E5C-A8F7-88DB893A4AC5}.Release|Win32.ActiveCfg = Release|Win32
		{08DB22F8-371A-4E5C-A8F7-88DB893A4AC5}.Release|Win32.Build.0 = Release|Win32
		{08DB22F8-371A-4E5C-A8F7-88DB893A4AC5}.VSDebug|Win32.ActiveCfg = VSDebug|Win32
		{08DB22F8-371A-4E5C-A8F7-88DB893A4AC5}.VSDebug|Win32.Build.0 = VSDebug|Win32
		{7B97D38D-3950-4E83-BE14-D1181182E368}.Release|Win32.ActiveCfg = Release|Win32
		{7B97D38D-3950-4E83-BE14-D1181182E368}.Release|Win32.Build.0 = Release|Win32
		{7B97D38D-3950-4E83-BE14-D1181182E368}.VSDebug|Win32.ActiveCfg = VSDebug|Win32
		{7B97D38D-3950-4E83-BE14-D1181182E368}.VSDebug|Win32.Build.0 = VSDebug|Win32
		{840214C7-5F6F-4099-8B9A-78F560997BF3}.Release|Win32.ActiveCfg = Release|Win32
		{840214C7-5F6F-4099-8B9A-78F560997BF3}.Release|Win32.Build.0 = Release|Win32
		{840214C7-5F6F-4099-8B9A-78F560997BF3}.VSDebug|Win32.ActiveCfg = VSDebug|Win32
		{840214C7-5F6F-4099-8B9A-78F560997BF3}.VSDebug|Win32.Build.0 = VSDebug|Win32
		{9304509C-FA40-4A95-A38A-17A5FE5E9BC2}.Release|Win32.ActiveCfg = Release|Win32
		{9304509C-FA40-4A95-A38A-17A5FE5E9BC2}.Release|Win32.Build.0 = Release|Win32
		{9304509C-FA40-4A95-A38A-17A5FE5E9BC2}.VSDebug|Win32.ActiveCfg = VSDebug|Win32
		{9304509C-FA40-4A95-A38A-17A5FE5E9BC2}.VSDebug|Win32.Build.0 = VSDebug|Win32
		{2890B3E9-74ED-4F19-9B0D-D7B665D26531}.Release|Win32.ActiveCfg = Release|Win32
		{2890B3E9-74ED-4F19-9B0D-D7B665D26531}.Release|Win32.Build.0 = Release|Win32
		{2890B3E9-74ED-4F19-9B0D-D7B665D26531}.VSDebug|Win32.ActiveCfg = VSDebug|Win32
		{2890B3E9-74ED-4F19-9B0D-D7B665D26531}.VSDebug|Win32.Build.0 = VSDebug|Win32
		{3F5ADCB4-6C42-4561-B116-4E8ECD5E2B10}.Release|Win32.ActiveCfg = Release|Win32
		{3F5ADCB4-6C42-4561-B116-4E8ECD5E2B10}.Release|Win32.Build.0 = Release|Win32
		{3F5ADCB4-6C42-4561-B116-4E8ECD5E2B10}.VSDebug|Win32.ActiveCfg = VSDebug|Win32
		{3F5ADCB4-6C42-4561-B116-4E8ECD5E2B10}.VSDebug|Win32.Build.0 = VSDebug|Win32
		{66161C7F-F3D9-43BF-9ACD-CF1660ACD0B7}.Release|Win32.ActiveCfg = Release|Win32
		{66161C7F-F3D9-43BF-9ACD-CF1660ACD0B7}.Release|Win32.Build.0 = Release|Win32
		{66161C7F-F3D9-43BF-9ACD-CF1660ACD0B7}.VSDebug|Win32.ActiveCfg = VSDebug|Win32
		{66161C7F-F3D9-43BF-9ACD-CF1660ACD0B7}.VSDebug|Win32.Build.0 = VSDebug|Win32
		{B7506482-EC30-46BA-BC6C-C65D50C7F5BF}.Release|Win32.ActiveCfg = Release|Win32
		{B7506482-EC30-46BA-BC6C-C65D50C7F5BF}.Release|Win32.Build.0 = Release|Win32
		{B7506482-EC30-46BA-BC6C-C65D50C7F5BF}.VSDebug|Win32.ActiveCfg = VSDebug|Win32
		{B7506482-EC30-46BA-BC6C-C65D50C7F5BF}.VSDebug|Win32.Build.0 = VSDebug|Win32
		{19845940-4ED0-44F1-AB8B-45D7D5F58670}.Release|Win32.ActiveCfg = Release|Win32
		{19845940-4ED0-44F1-AB8B-45D7D5F58670}.Release|Win32.Build.0 = Release|Win32
		{19845940-4ED0-44F1-AB8B-45D7D5F58670}.VSDebug|Win32.ActiveCfg = VSDebug|Win32
		{19845940-4ED0-44F1-AB8B-45D7D5F58670}.VSDebug|Win32.Build.0 = VSDebug|Win32
		{4D0756D4-DA2A-4FD7-B30F-7E52124F02DA}.Release|Win32.ActiveCfg = Release|Win32
		{4D0756D4-DA2A-4FD7-B30F-7E52124F02DA}.Release|Win32.Build.0 = Release|Win32
		{4D0756D4-DA2A-4FD7-B30F-7E52124F02DA}.VSDebug|Win32.ActiveCfg = VSDebug|Win32
		{4D0756D4-DA2A-4FD7-B30F-7E52124F02DA}.VSDebug|Win32.Build.0 = VSDebug|Win32
		{98DEF16C-6E84-4A17-9E03-3DEADCF54DAC}.Release|Win32.ActiveCfg = Release|Win32
		{98DEF16C-6E84-4A17-9E03-3DEADCF54DAC}.Release|Win32.Build.0 = Release|Win32
		{98DEF16C-6E84-4A17-9E03-3DEADCF54DAC}.VSDebug|Win32.ActiveCfg = VSDebug|Win32
		{98DEF16C-6E84-4A17-9E03-3DEADCF54DAC}.VSDebug|Win32.Build.0 = VSDebug|Win32
		{BA4D6122-B85D-4CDA-9A5D-B23EF45706FA}.Release|Win32.ActiveCfg = Release|Win32
		{BA4D6122-B85D-4CDA-9A5D-B23EF45706FA}.Release|Win32.Build.0 = Release|Win32
		{BA4D6122-B85D-4CDA-9A5D-B23EF45706FA}.VSDebug|Win32.ActiveCfg = VSDebug|Win32
		{BA4D6122-B85D-4CDA-9A5D-B23EF45706FA}.VSDebug|Win32.Build.0 = VSDebug|Win32
		{58F2B200-BBC3-43F0-AE28-124C714A7E00}.Release|Win32.ActiveCfg = Release|Win32
		{58F2B200-BBC3-43F0-AE28-124C714A7E00}.Release|Win32.Build.0 = Release|Win32
		{58F2B200-BBC3-43F0-AE28-124C714A7E00}.VSDebug|Win32.ActiveCfg = VSDebug|Win32
		{58F2B200-BBC3-43F0-AE28-124C714A7E00}.VSDebug|Win32.Build.0 = VSDebug|Win32
		{0C073E26-7125-4CF9-82E2-81AB5FC51DB8}.Release|Win32.ActiveCfg = Release|Win32
		{0C073E26-7125-4CF9-82E2-81AB5FC51DB8}.Release|Win32.Build.0 = Release|Win32
		{0C073E26-7125-4CF9-82E2-81AB5FC51DB8}.VSDebug|Win32.ActiveCfg = VSDebug|Win32
		{0C073E26-7125-4CF9-82E2-81AB5FC51DB8}.VSDebug|Win32.Build.0 = VSDebug|Win32
		{11639A8F-5C1B-4C6A-88B1-F6BE7EA83B9E}.Release|Win32.ActiveCfg = Release|Win32
		{11639A8F-5C1B-4C6A-88B1-F6BE7EA83B9E}.Release|Win32.Build.0 = Release|Win32
		{11639A8F-5C1B-4C6A-88B1-F6BE7EA83B9E}.VSDebug|Win32.ActiveCfg = VSDebug|Win32
		{11639A8F-5C1B-4C6A-88B1-F6BE7EA83B9E}.VSDebug|Win32.Build.0 = VSDebug|Win32
		{4265FD20-D7D1-450A-9F22-CB92E7C74B17}.Release|Win32.ActiveCfg = Release|Win32
		{4265FD20-D7D1-450A-9F22-CB92E7C74B17}.Release|Win32.Build.0 = Release|Win32
		{4265FD20-D7D1-450A-9F22-CB92E7C74B17}.VSDebug|Win32.ActiveCfg = VSDebug|Win32
		{4265FD20-D7D1-450A-9F22-CB92E7C74B17}.VSDebug|Win32.Build.0 = VSDebug|Win32
		{DDEC82CD-0A77-49BB-83D8-14991CC4A182}.Release|Win32.ActiveCfg = Release|Win32
		{DDEC82CD-0A77-49BB-83D8-14991CC4A182}.Release|Win32.Build.0 = Release|Win32
		{DDEC82CD-0A77-49BB-83D8-14991CC4A182}.VSDebug|Win32.ActiveCfg = VSDebug|Win32
		{DDEC82CD-0A77-49BB-83D8-14991CC4A182}.VSDebug|Win32.Build.0 = VSDebug|Win32
		{D08D760C-C2AD-4FF4-8C1C-CA8350B16026}.Release|Win32.ActiveCfg = Release|Win32
		{D08D760C-C2AD-4FF4-8C1C-CA8350B16026}.Release|Win32.Build.0 = Release|Win32
		{D08D760C-C2AD-4FF4-8C1C-CA8350B16026}.VSDebug|Win32.ActiveCfg = VSDebug|Win32
		{D08D760C-C2AD-4FF4-8C1C-CA8350B16026}.VSDebug|Win32.Build.0 = VSDebug|Win32
		{B37A300F-A358-4F51-AB0A-4CF59D816AF8}.Release|Win32.ActiveCfg = Release|Win32
		{B37A300F-A358-4F51-AB0A-4CF59D816AF8}.Release|Win32.Build.0 = Release|Win32
		{B37A300F-A358-4F51-AB0A-4CF59D816AF8}.VSDebug|Win32.ActiveCfg = VSDebug|Win32
		{B37A300F-A358-4F51-AB0A-4CF59D816AF8}.VSDebug|Win32.Build.0 = VSDebug|Win32
		{2887E62C-25B8-4C1B-B106-8ADAACBE03B2}.Release|Win32.ActiveCfg = Release|Win32
		{2887E62C-25B8-4C1B-B106-8ADAACBE03B2}.Release|Win32.Build.0 = Release|Win32
		{2887E62C-25B8-4C1B-B106-8ADAACBE03B2}.VSDebug|Win32.ActiveCfg = VSDebug|Win32
		{2887E62C-25B8-4C1B-B106-8ADAACBE03B2}.VSDebug|Win32.Build.0 = VSDebug|Win32
		{58A928A2-B52B-40F3-A28B-11604F3DD2C3}.Release|Win32.ActiveCfg = Release|Win32
		{58A928A2-B52B-40F3-A28B-11604F3DD2C3}.Release|Win32.Build.0 = Release|Win32
		{58A928A2-B52B-40F3-A28B-11604F3DD2C3}.VSDebug|Win32.ActiveCfg = VSDebug|Win32
		{58A928A2-B52B-40F3-A28B-11604F3DD2C3}.VSDebug|Win32.Build.0 = VSDebug|Win32
		{36C86D9B-B02A-433B-8579-A4610435EA96}.Release|Win32.ActiveCfg = Release|Win32
		{36C86D9B-B02A-433B-8579-A4610435EA96}.Release|Win32.Build.0 = Release|Win32
		{36C86D9B-B02A-433B-8579-A4610435EA96}.VSDebug|Win32.ActiveCfg = VSDebug|Win32
		{36C86D9B-B02A-433B-8579-A4610435EA96}.VSDebug|Win32.Build.0 = VSDebug|Win32
		{FB69DFD6-0AC0-46CC-992C-4E23766962A9}.Release|Win32.ActiveCfg = Release|Win32
		{FB69DFD6-0AC0-46CC-992C-4E23766962A9}.Release|Win32.Build.0 = Release|Win32
		{FB69DFD6-0AC0-46CC-992C-4E23766962A9}.VSDebug|Win32.ActiveCfg = VSDebug|Win32
		{FB69DFD6-0AC0-46CC-992C-4E23766962A9}.VSDebug|Win32.Build.0 = VSDebug|Win32
		{EFDE813B-8E9C-4761-BED2-EA517A23EC1F}.Release|Win32.ActiveCfg = Release|Win32
		{EFDE813B-8E9C-4761-BED2-EA517A23EC1F}.Release|Win32.Build.0 = Release|Win32
		{EFDE813B-8E9C-4761-BED2-EA517A23EC1F}.VSDebug|Win32.ActiveCfg = VSDebug|Win32
		{EFDE813B-8E9C-4761-BED2-EA517A23EC1F}.VSDebug|Win32.Build.0 = VSDebug|Win32
		{A5F49372-22E4-48F6-A408-9B6F0DB8F48A}.Release|Win32.ActiveCfg = Release|Win32
		{A5F49372-22E4-48F6-A408-9B6F0DB8F48A}.Release|Win32.Build.0 = Release|Win32
		{A5F49372-22E4-48F6-A408-9B6F0DB8F48A}.VSDebug|Win32.ActiveCfg = VSDebug|Win32
		{A5F49372-22E4-48F6-A408-9B6F0DB8F48A}.VSDebug|Win32.Build.0 = VSDebug|Win32
		{5A9EDA97-A2F9-4D3A-BB8C-6560D18B6281}.Release|Win32.ActiveCfg = Release|Win32
		{5A9EDA97-A2F9-4D3A-BB8C-6560D18B6281}.Release|Win32.Build.0 = Release|Win32
		{5A9EDA97-A2F9-4D3A-BB8C-6560D18B6281}.VSDebug|Win32.ActiveCfg = VSDebug|Win32
		{5A9EDA97-A2F9-4D3A-BB8C-6560D18B6281}.VSDebug|Win32.Build.0 = VSDebug|Win32
		{80A62501-E7BB-4544-A542-D6318FAF5837}.Release|Win32.ActiveCfg = Release|Win32
		{80A62501-E7BB-4544-A542-D6318FAF5837}.Release|Win32.Build.0 = Release|Win32
		{80A62501-E7BB-4544-A542-D6318FAF5837}.VSDebug|Win32.ActiveCfg = VSDebug|Win32
		{80A62501-E7BB-4544-A542-D6318FAF5837}.VSDebug|Win32.Build.0 = VSDebug|Win32
		{058366A7-5C0E-4920-A6F7-6D9216C64CD3}.Release|Win32.ActiveCfg = Release|Win32
		{058366A7-5C0E-4920-A6F7-6D9216C64CD3}.Release|Win32.Build.0 = Release|Win32
		{058366A7-5C0E-4920-A6F7-6D9216C64CD3}.VSDebug|Win32.ActiveCfg = VSDebug|Win32
		{058366A7-5C0E-4920-A6F7-6D9216C64CD3}.VSDebug|Win32.Build.0 = VSDebug|Win32
		{8F5E73EE-F2C4-4D40-ACFC-1C5DB56A2959}.Release|Win32.ActiveCfg = Release|Win32
		{8F5E73EE-F2C4-4D40-ACFC-1C5DB56A2959}.Release|Win32.Build.0 = Release|Win32
		{8F5E73EE-F2C4-4D40-ACFC-1C5DB56A2959}.VSDebug|Win32.ActiveCfg = VSDebug|Win32
		{8F5E73EE-F2C4-4D40-ACFC-1C5DB56A2959}.VSDebug|Win32.Build.0 = VSDebug|Win32
		{937F2114-5F1C-43E0-8206-D5190D441FCF}.Release|Win32.ActiveCfg = Release|Win32
		{937F2114-5F1C-43E0-8206-D5190D441FCF}.Release|Win32.Build.0 = Release|Win32
		{937F2114-5F1C-43E0-8206-D5190D441FCF}.VSDebug|Win32.ActiveCfg = VSDebug|Win32
		{937F2114-5F1C-43E0-8206-D5190D441FCF}.VSDebug|Win32.Build.0 = VSDebug|Win32
		{C6B5DDE6-C5CE-4AC9-B581-65239CCC91E3}.Release|Win32.ActiveCfg = Release|Win32
		{C6B5DDE6-C5CE-4AC9-B581-65239CCC91E3}.Release|Win32.Build.0 = Release|Win32
		{C6B5DDE6-C5CE-4AC9-B581-65239CCC91E3}.VSDebug|Win32.ActiveCfg = VSDebug|Win32
		{C6B5DDE6-C5CE-4AC9-B581-65239CCC91E3}.VSDebug|Win32.Build.0 = VSDebug|Win32
		{477CE4B7-19DB-4194-8495-D68EF58D2927}.Release|Win32.ActiveCfg = Release|Win32
		{477CE4B7-19DB-4194-8495-D68EF58D2927}.Release|Win32.Build.0 = Release|Win32
		{477CE4B7-19DB-4194-8495-D68EF58D2927}.VSDebug|Win32.ActiveCfg = VSDebug|Win32
		{477CE4B7-19DB-4194-8495-D68EF58D2927}.VSDebug|Win32.Build.0 = VSDebug|Win32
		{CEAF29EC-2AB8-4E30-8D81-1759192B5840}.Release|Win32.ActiveCfg = Release|Win32
		{CEAF29EC-2AB8-4E30-8D81-1759192B5840}.Release|Win32.Build.0 = Release|Win32
		{CEAF29EC-2AB8-4E30-8D81-1759192B5840}.VSDebug|Win32.ActiveCfg = VSDebug|Win32
		{CEAF29EC-2AB8-4E30-8D81-1759192B5840}.VSDebug|Win32.Build.0 = VSDebug|Win32
	EndGlobalSection
	GlobalSection(SolutionProperties) = preSolution
		HideSolutionNode = FALSE
	EndGlobalSection
EndGlobal
